
Microsoft Visual Studio Solution File, Format Version 12.00
# Visual Studio Version 17
VisualStudioVersion = 17.9.34723.18
MinimumVisualStudioVersion = 10.0.40219.1
Project("{9A19103F-16F7-4668-BE54-9A1E7A4F7556}") = "QuanLyPhongKham", "QuanLyPhongKham\QuanLyPhongKham.csproj", "{3FDFC0B0-D6F4-4D48-8B67-2794FB45A791}"
EndProject
Project("{FAE04EC0-301F-11D3-BF4B-00C04F79EFBC}") = "BenhNhanService", "BenhNhanService\BenhNhanService.csproj", "{A0AFFEDD-0C04-4F8B-87EE-956EF3E28186}"
EndProject
Project("{FAE04EC0-301F-11D3-BF4B-00C04F79EFBC}") = "LichHenService", "LichHenService\LichHenService.csproj", "{211CCC01-DF60-47E9-B062-BD469FEF981A}"
EndProject
Project("{FAE04EC0-301F-11D3-BF4B-00C04F79EFBC}") = "HoSoService", "HoSoService\HoSoService.csproj", "{7FC95EAF-AB47-4A0B-9042-D7545B3CB350}"
EndProject
Project("{FAE04EC0-301F-11D3-BF4B-00C04F79EFBC}") = "ThuocService", "ThuocService\ThuocService.csproj", "{DC08B93F-CED4-4B56-970D-2E4EB8D75BF9}"
EndProject
Project("{FAE04EC0-301F-11D3-BF4B-00C04F79EFBC}") = "DonThuocService", "DonThuocService\DonThuocService.csproj", "{35078520-C9CA-444D-8C04-9A3F80AC3B5A}"
EndProject
Project("{FAE04EC0-301F-11D3-BF4B-00C04F79EFBC}") = "HoaDonService", "HoaDonService\HoaDonService.csproj", "{5B08B91D-3A52-45DB-B0B1-643BAA205C41}"
EndProject
Project("{FAE04EC0-301F-11D3-BF4B-00C04F79EFBC}") = "TaiKhoanService", "TaiKhoanService\TaiKhoanService.csproj", "{77E39424-E4D7-4247-B3CB-FF3CE7FEB540}"
EndProject
Global
	GlobalSection(SolutionConfigurationPlatforms) = preSolution
		Debug|Any CPU = Debug|Any CPU
		Release|Any CPU = Release|Any CPU
	EndGlobalSection
	GlobalSection(ProjectConfigurationPlatforms) = postSolution
		{3FDFC0B0-D6F4-4D48-8B67-2794FB45A791}.Debug|Any CPU.ActiveCfg = Debug|Any CPU
		{3FDFC0B0-D6F4-4D48-8B67-2794FB45A791}.Debug|Any CPU.Build.0 = Debug|Any CPU
		{3FDFC0B0-D6F4-4D48-8B67-2794FB45A791}.Release|Any CPU.ActiveCfg = Release|Any CPU
		{3FDFC0B0-D6F4-4D48-8B67-2794FB45A791}.Release|Any CPU.Build.0 = Release|Any CPU
		{A0AFFEDD-0C04-4F8B-87EE-956EF3E28186}.Debug|Any CPU.ActiveCfg = Debug|Any CPU
		{A0AFFEDD-0C04-4F8B-87EE-956EF3E28186}.Debug|Any CPU.Build.0 = Debug|Any CPU
		{A0AFFEDD-0C04-4F8B-87EE-956EF3E28186}.Release|Any CPU.ActiveCfg = Release|Any CPU
		{A0AFFEDD-0C04-4F8B-87EE-956EF3E28186}.Release|Any CPU.Build.0 = Release|Any CPU
		{211CCC01-DF60-47E9-B062-BD469FEF981A}.Debug|Any CPU.ActiveCfg = Debug|Any CPU
		{211CCC01-DF60-47E9-B062-BD469FEF981A}.Debug|Any CPU.Build.0 = Debug|Any CPU
		{211CCC01-DF60-47E9-B062-BD469FEF981A}.Release|Any CPU.ActiveCfg = Release|Any CPU
		{211CCC01-DF60-47E9-B062-BD469FEF981A}.Release|Any CPU.Build.0 = Release|Any CPU
		{7FC95EAF-AB47-4A0B-9042-D7545B3CB350}.Debug|Any CPU.ActiveCfg = Debug|Any CPU
		{7FC95EAF-AB47-4A0B-9042-D7545B3CB350}.Debug|Any CPU.Build.0 = Debug|Any CPU
		{7FC95EAF-AB47-4A0B-9042-D7545B3CB350}.Release|Any CPU.ActiveCfg = Release|Any CPU
		{7FC95EAF-AB47-4A0B-9042-D7545B3CB350}.Release|Any CPU.Build.0 = Release|Any CPU
		{DC08B93F-CED4-4B56-970D-2E4EB8D75BF9}.Debug|Any CPU.ActiveCfg = Debug|Any CPU
		{DC08B93F-CED4-4B56-970D-2E4EB8D75BF9}.Debug|Any CPU.Build.0 = Debug|Any CPU
		{DC08B93F-CED4-4B56-970D-2E4EB8D75BF9}.Release|Any CPU.ActiveCfg = Release|Any CPU
		{DC08B93F-CED4-4B56-970D-2E4EB8D75BF9}.Release|Any CPU.Build.0 = Release|Any CPU
		{35078520-C9CA-444D-8C04-9A3F80AC3B5A}.Debug|Any CPU.ActiveCfg = Debug|Any CPU
		{35078520-C9CA-444D-8C04-9A3F80AC3B5A}.Debug|Any CPU.Build.0 = Debug|Any CPU
		{35078520-C9CA-444D-8C04-9A3F80AC3B5A}.Release|Any CPU.ActiveCfg = Release|Any CPU
		{35078520-C9CA-444D-8C04-9A3F80AC3B5A}.Release|Any CPU.Build.0 = Release|Any CPU
		{5B08B91D-3A52-45DB-B0B1-643BAA205C41}.Debug|Any CPU.ActiveCfg = Debug|Any CPU
		{5B08B91D-3A52-45DB-B0B1-643BAA205C41}.Debug|Any CPU.Build.0 = Debug|Any CPU
		{5B08B91D-3A52-45DB-B0B1-643BAA205C41}.Release|Any CPU.ActiveCfg = Release|Any CPU
		{5B08B91D-3A52-45DB-B0B1-643BAA205C41}.Release|Any CPU.Build.0 = Release|Any CPU
		{77E39424-E4D7-4247-B3CB-FF3CE7FEB540}.Debug|Any CPU.ActiveCfg = Debug|Any CPU
		{77E39424-E4D7-4247-B3CB-FF3CE7FEB540}.Debug|Any CPU.Build.0 = Debug|Any CPU
		{77E39424-E4D7-4247-B3CB-FF3CE7FEB540}.Release|Any CPU.ActiveCfg = Release|Any CPU
		{77E39424-E4D7-4247-B3CB-FF3CE7FEB540}.Release|Any CPU.Build.0 = Release|Any CPU
	EndGlobalSection
	GlobalSection(SolutionProperties) = preSolution
		HideSolutionNode = FALSE
	EndGlobalSection
	GlobalSection(ExtensibilityGlobals) = postSolution
		SolutionGuid = {7EE722DF-F672-46C7-8A07-57AF869E8712}
	EndGlobalSection
EndGlobal
