
Microsoft Visual Studio Solution File, Format Version 12.00
# Visual Studio Version 17
VisualStudioVersion = 17.9.34723.18
MinimumVisualStudioVersion = 10.0.40219.1
Project("{FAE04EC0-301F-11D3-BF4B-00C04F79EFBC}") = "QuanLyPhongKham-Admin", "QuanLyPhongKham-Admin\QuanLyPhongKham-Admin.csproj", "{073787CE-4C03-49A3-B4C0-AF48691BB836}"
EndProject
Global
	GlobalSection(SolutionConfigurationPlatforms) = preSolution
		Debug|Any CPU = Debug|Any CPU
		Release|Any CPU = Release|Any CPU
	EndGlobalSection
	GlobalSection(ProjectConfigurationPlatforms) = postSolution
		{073787CE-4C03-49A3-B4C0-AF48691BB836}.Debug|Any CPU.ActiveCfg = Debug|Any CPU
		{073787CE-4C03-49A3-B4C0-AF48691BB836}.Debug|Any CPU.Build.0 = Debug|Any CPU
		{073787CE-4C03-49A3-B4C0-AF48691BB836}.Release|Any CPU.ActiveCfg = Release|Any CPU
		{073787CE-4C03-49A3-B4C0-AF48691BB836}.Release|Any CPU.Build.0 = Release|Any CPU
	EndGlobalSection
	GlobalSection(SolutionProperties) = preSolution
		HideSolutionNode = FALSE
	EndGlobalSection
	GlobalSection(ExtensibilityGlobals) = postSolution
		SolutionGuid = {CF0CDBEE-4FA2-4596-8D59-CB66A7DBAF05}
	EndGlobalSection
EndGlobal
