
Microsoft Visual Studio Solution File, Format Version 12.00
# Visual Studio Version 17
VisualStudioVersion = 17.9.34723.18
MinimumVisualStudioVersion = 10.0.40219.1
Project("{FAE04EC0-301F-11D3-BF4B-00C04F79EFBC}") = "QuanLyPhongKham-Gateway", "QuanLyPhongKham-Gateway\QuanLyPhongKham-Gateway.csproj", "{FC36ED5F-8806-4AEE-AA09-AE1FF05731EF}"
EndProject
Global
	GlobalSection(SolutionConfigurationPlatforms) = preSolution
		Debug|Any CPU = Debug|Any CPU
		Release|Any CPU = Release|Any CPU
	EndGlobalSection
	GlobalSection(ProjectConfigurationPlatforms) = postSolution
		{FC36ED5F-8806-4AEE-AA09-AE1FF05731EF}.Debug|Any CPU.ActiveCfg = Debug|Any CPU
		{FC36ED5F-8806-4AEE-AA09-AE1FF05731EF}.Debug|Any CPU.Build.0 = Debug|Any CPU
		{FC36ED5F-8806-4AEE-AA09-AE1FF05731EF}.Release|Any CPU.ActiveCfg = Release|Any CPU
		{FC36ED5F-8806-4AEE-AA09-AE1FF05731EF}.Release|Any CPU.Build.0 = Release|Any CPU
	EndGlobalSection
	GlobalSection(SolutionProperties) = preSolution
		HideSolutionNode = FALSE
	EndGlobalSection
	GlobalSection(ExtensibilityGlobals) = postSolution
		SolutionGuid = {A9A7809A-C04D-4E97-9DB7-9B413F04FB67}
	EndGlobalSection
EndGlobal
